
Microsoft Visual Studio Solution File, Format Version 12.00
# Visual Studio Version 17
VisualStudioVersion = 17.14.36203.30 d17.14
MinimumVisualStudioVersion = 10.0.40219.1
Project("{FAE04EC0-301F-11D3-BF4B-00C04F79EFBC}") = "Products_Management", "Products_Management\Products_Management.csproj", "{7674BD35-0932-4B5F-AD34-25651A3814A3}"
EndProject
Global
	GlobalSection(SolutionConfigurationPlatforms) = preSolution
		Debug|Any CPU = Debug|Any CPU
		Release|Any CPU = Release|Any CPU
	EndGlobalSection
	GlobalSection(ProjectConfigurationPlatforms) = postSolution
		{7674BD35-0932-4B5F-AD34-25651A3814A3}.Debug|Any CPU.ActiveCfg = Debug|Any CPU
		{7674BD35-0932-4B5F-AD34-25651A3814A3}.Debug|Any CPU.Build.0 = Debug|Any CPU
		{7674BD35-0932-4B5F-AD34-25651A3814A3}.Release|Any CPU.ActiveCfg = Release|Any CPU
		{7674BD35-0932-4B5F-AD34-25651A3814A3}.Release|Any CPU.Build.0 = Release|Any CPU
	EndGlobalSection
	GlobalSection(SolutionProperties) = preSolution
		HideSolutionNode = FALSE
	EndGlobalSection
	GlobalSection(ExtensibilityGlobals) = postSolution
		SolutionGuid = {D901FE3D-EEE0-4282-A2DE-C5D23FCF5AEA}
	EndGlobalSection
EndGlobal
